{
  "name": "bot-services",
  "version": "1.0.0",
  "lockfileVersion": 2,
  "requires": true,
  "packages": {
    "": {
      "name": "bot-services",
      "version": "1.0.0",
      "license": "ISC",
      "dependencies": {
        "amqplib": "^0.10.3",
        "auto-bind": "^4.0.0",
        "dotenv": "^16.0.3",
        "telegraf": "^4.10.0"
      }
    },
    "node_modules/@acuminous/bitsyntax": {
      "version": "0.1.2",
      "resolved": "https://registry.npmjs.org/@acuminous/bitsyntax/-/bitsyntax-0.1.2.tgz",
      "integrity": "sha512-29lUK80d1muEQqiUsSo+3A0yP6CdspgC95EnKBMi22Xlwt79i/En4Vr67+cXhU+cZjbti3TgGGC5wy1stIywVQ==",
      "dependencies": {
        "buffer-more-ints": "~1.0.0",
        "debug": "^4.3.4",
        "safe-buffer": "~5.1.2"
      },
      "engines": {
        "node": ">=0.8"
      }
    },
    "node_modules/@acuminous/bitsyntax/node_modules/safe-buffer": {
      "version": "5.1.2",
      "resolved": "https://registry.npmjs.org/safe-buffer/-/safe-buffer-5.1.2.tgz",
      "integrity": "sha512-Gd2UZBJDkXlY7GbJxfsE8/nvKkUEU1G38c1siN6QP6a9PT9MmHB8GnpscSmMJSoF8LOIrt8ud/wPtojys4G6+g=="
    },
    "node_modules/abort-controller": {
      "version": "3.0.0",
      "resolved": "https://registry.npmjs.org/abort-controller/-/abort-controller-3.0.0.tgz",
      "integrity": "sha512-h8lQ8tacZYnR3vNQTgibj+tODHI5/+l06Au2Pcriv/Gmet0eaj4TwWH41sO9wnHDiQsEj19q0drzdWdeAHtweg==",
      "dependencies": {
        "event-target-shim": "^5.0.0"
      },
      "engines": {
        "node": ">=6.5"
      }
    },
    "node_modules/amqplib": {
      "version": "0.10.3",
      "resolved": "https://registry.npmjs.org/amqplib/-/amqplib-0.10.3.tgz",
      "integrity": "sha512-UHmuSa7n8vVW/a5HGh2nFPqAEr8+cD4dEZ6u9GjP91nHfr1a54RyAKyra7Sb5NH7NBKOUlyQSMXIp0qAixKexw==",
      "dependencies": {
        "@acuminous/bitsyntax": "^0.1.2",
        "buffer-more-ints": "~1.0.0",
        "readable-stream": "1.x >=1.1.9",
        "url-parse": "~1.5.10"
      },
      "engines": {
        "node": ">=10"
      }
    },
    "node_modules/amqplib/node_modules/isarray": {
      "version": "0.0.1",
      "resolved": "https://registry.npmjs.org/isarray/-/isarray-0.0.1.tgz",
      "integrity": "sha512-D2S+3GLxWH+uhrNEcoh/fnmYeP8E8/zHl644d/jdA0g2uyXvy3sb0qxotE+ne0LtccHknQzWwZEzhak7oJ0COQ=="
    },
    "node_modules/amqplib/node_modules/readable-stream": {
      "version": "1.1.14",
      "resolved": "https://registry.npmjs.org/readable-stream/-/readable-stream-1.1.14.tgz",
      "integrity": "sha512-+MeVjFf4L44XUkhM1eYbD8fyEsxcV81pqMSR5gblfcLCHfZvbrqy4/qYHE+/R5HoBUT11WV5O08Cr1n3YXkWVQ==",
      "dependencies": {
        "core-util-is": "~1.0.0",
        "inherits": "~2.0.1",
        "isarray": "0.0.1",
        "string_decoder": "~0.10.x"
      }
    },
    "node_modules/amqplib/node_modules/string_decoder": {
      "version": "0.10.31",
      "resolved": "https://registry.npmjs.org/string_decoder/-/string_decoder-0.10.31.tgz",
      "integrity": "sha512-ev2QzSzWPYmy9GuqfIVildA4OdcGLeFZQrq5ys6RtiuF+RQQiZWr8TZNyAcuVXyQRYfEO+MsoB/1BuQVhOJuoQ=="
    },
    "node_modules/auto-bind": {
      "version": "4.0.0",
      "resolved": "https://registry.npmjs.org/auto-bind/-/auto-bind-4.0.0.tgz",
      "integrity": "sha512-Hdw8qdNiqdJ8LqT0iK0sVzkFbzg6fhnQqqfWhBDxcHZvU75+B+ayzTy8x+k5Ix0Y92XOhOUlx74ps+bA6BeYMQ==",
      "engines": {
        "node": ">=8"
      },
      "funding": {
        "url": "https://github.com/sponsors/sindresorhus"
      }
    },
    "node_modules/buffer-alloc": {
      "version": "1.2.0",
      "resolved": "https://registry.npmjs.org/buffer-alloc/-/buffer-alloc-1.2.0.tgz",
      "integrity": "sha512-CFsHQgjtW1UChdXgbyJGtnm+O/uLQeZdtbDo8mfUgYXCHSM1wgrVxXm6bSyrUuErEb+4sYVGCzASBRot7zyrow==",
      "dependencies": {
        "buffer-alloc-unsafe": "^1.1.0",
        "buffer-fill": "^1.0.0"
      }
    },
    "node_modules/buffer-alloc-unsafe": {
      "version": "1.1.0",
      "resolved": "https://registry.npmjs.org/buffer-alloc-unsafe/-/buffer-alloc-unsafe-1.1.0.tgz",
      "integrity": "sha512-TEM2iMIEQdJ2yjPJoSIsldnleVaAk1oW3DBVUykyOLsEsFmEc9kn+SFFPz+gl54KQNxlDnAwCXosOS9Okx2xAg=="
    },
    "node_modules/buffer-fill": {
      "version": "1.0.0",
      "resolved": "https://registry.npmjs.org/buffer-fill/-/buffer-fill-1.0.0.tgz",
      "integrity": "sha1-+PeLdniYiO858gXNY39o5wISKyw="
    },
    "node_modules/buffer-more-ints": {
      "version": "1.0.0",
      "resolved": "https://registry.npmjs.org/buffer-more-ints/-/buffer-more-ints-1.0.0.tgz",
      "integrity": "sha512-EMetuGFz5SLsT0QTnXzINh4Ksr+oo4i+UGTXEshiGCQWnsgSs7ZhJ8fzlwQ+OzEMs0MpDAMr1hxnblp5a4vcHg=="
    },
    "node_modules/core-util-is": {
      "version": "1.0.2",
      "resolved": "https://registry.npmjs.org/core-util-is/-/core-util-is-1.0.2.tgz",
      "integrity": "sha1-tf1UIgqivFq1eqtxQMlAdUUDwac="
    },
    "node_modules/debug": {
      "version": "4.3.4",
      "resolved": "https://registry.npmjs.org/debug/-/debug-4.3.4.tgz",
      "integrity": "sha512-PRWFHuSU3eDtQJPvnNY7Jcket1j0t5OuOsFzPPzsekD52Zl8qUfFIPEiswXqIvHWGVHOgX+7G/vCNNhehwxfkQ==",
      "dependencies": {
        "ms": "2.1.2"
      },
      "engines": {
        "node": ">=6.0"
      },
      "peerDependenciesMeta": {
        "supports-color": {
          "optional": true
        }
      }
    },
    "node_modules/dotenv": {
      "version": "16.0.3",
      "resolved": "https://registry.npmjs.org/dotenv/-/dotenv-16.0.3.tgz",
      "integrity": "sha512-7GO6HghkA5fYG9TYnNxi14/7K9f5occMlp3zXAuSxn7CKCxt9xbNWG7yF8hTCSUchlfWSe3uLmlPfigevRItzQ==",
      "engines": {
        "node": ">=12"
      }
    },
    "node_modules/event-target-shim": {
      "version": "5.0.1",
      "resolved": "https://registry.npmjs.org/event-target-shim/-/event-target-shim-5.0.1.tgz",
      "integrity": "sha512-i/2XbnSz/uxRCU6+NdVJgKWDTM427+MqYbkQzD321DuCQJUqOuJKIA0IM2+W2xtYHdKOmZ4dR6fExsd4SXL+WQ==",
      "engines": {
        "node": ">=6"
      }
    },
    "node_modules/inherits": {
      "version": "2.0.4",
      "resolved": "https://registry.npmjs.org/inherits/-/inherits-2.0.4.tgz",
      "integrity": "sha512-k/vGaX4/Yla3WzyMCvTQOXYeIHvqOKtnqBduzTHpzpQZzAskKMhZ2K+EnBiSM9zGSoIFeMpXKxa4dYeZIQqewQ=="
    },
    "node_modules/mri": {
      "version": "1.2.0",
      "resolved": "https://registry.npmjs.org/mri/-/mri-1.2.0.tgz",
      "integrity": "sha512-tzzskb3bG8LvYGFF/mDTpq3jpI6Q9wc3LEmBaghu+DdCssd1FakN7Bc0hVNmEyGq1bq3RgfkCb3cmQLpNPOroA==",
      "engines": {
        "node": ">=4"
      }
    },
    "node_modules/ms": {
      "version": "2.1.2",
      "resolved": "https://registry.npmjs.org/ms/-/ms-2.1.2.tgz",
      "integrity": "sha512-sGkPx+VjMtmA6MX27oA4FBFELFCZZ4S4XqeGOXCv68tT+jb3vk/RyaKWP0PTKyWtmLSM0b+adUTEvbs1PEaH2w=="
    },
    "node_modules/node-fetch": {
      "version": "2.6.7",
      "resolved": "https://registry.npmjs.org/node-fetch/-/node-fetch-2.6.7.tgz",
      "integrity": "sha512-ZjMPFEfVx5j+y2yF35Kzx5sF7kDzxuDj6ziH4FFbOp87zKDZNx8yExJIb05OGF4Nlt9IHFIMBkRl41VdvcNdbQ==",
      "dependencies": {
        "whatwg-url": "^5.0.0"
      },
      "engines": {
        "node": "4.x || >=6.0.0"
      },
      "peerDependencies": {
        "encoding": "^0.1.0"
      },
      "peerDependenciesMeta": {
        "encoding": {
          "optional": true
        }
      }
    },
    "node_modules/node-fetch/node_modules/tr46": {
      "version": "0.0.3",
      "resolved": "https://registry.npmjs.org/tr46/-/tr46-0.0.3.tgz",
      "integrity": "sha512-N3WMsuqV66lT30CrXNbEjx4GEwlow3v6rr4mCcv6prnfwhS01rkgyFdjPNBYd9br7LpXV1+Emh01fHnq2Gdgrw=="
    },
    "node_modules/node-fetch/node_modules/webidl-conversions": {
      "version": "3.0.1",
      "resolved": "https://registry.npmjs.org/webidl-conversions/-/webidl-conversions-3.0.1.tgz",
      "integrity": "sha512-2JAn3z8AR6rjK8Sm8orRC0h/bcl/DqL7tRPdGZ4I1CjdF+EaMLmYxBHyXuKL849eucPFhvBoxMsflfOb8kxaeQ=="
    },
    "node_modules/node-fetch/node_modules/whatwg-url": {
      "version": "5.0.0",
      "resolved": "https://registry.npmjs.org/whatwg-url/-/whatwg-url-5.0.0.tgz",
      "integrity": "sha512-saE57nupxk6v3HY35+jzBwYa0rKSy0XR8JSxZPwgLr7ys0IBzhGviA1/TUGJLmSVqs8pb9AnvICXEuOHLprYTw==",
      "dependencies": {
        "tr46": "~0.0.3",
        "webidl-conversions": "^3.0.0"
      }
    },
    "node_modules/p-timeout": {
      "version": "4.1.0",
      "resolved": "https://registry.npmjs.org/p-timeout/-/p-timeout-4.1.0.tgz",
      "integrity": "sha512-+/wmHtzJuWii1sXn3HCuH/FTwGhrp4tmJTxSKJbfS+vkipci6osxXM5mY0jUiRzWKMTgUT8l7HFbeSwZAynqHw==",
      "engines": {
        "node": ">=10"
      }
    },
    "node_modules/querystringify": {
      "version": "2.2.0",
      "resolved": "https://registry.npmjs.org/querystringify/-/querystringify-2.2.0.tgz",
      "integrity": "sha512-FIqgj2EUvTa7R50u0rGsyTftzjYmv/a3hO345bZNrqabNqjtgiDMgmo4mkUjd+nzU5oF3dClKqFIPUKybUyqoQ=="
    },
    "node_modules/requires-port": {
      "version": "1.0.0",
      "resolved": "https://registry.npmjs.org/requires-port/-/requires-port-1.0.0.tgz",
      "integrity": "sha512-KigOCHcocU3XODJxsu8i/j8T9tzT4adHiecwORRQ0ZZFcp7ahwXuRU1m+yuO90C5ZUyGeGfocHDI14M3L3yDAQ=="
    },
    "node_modules/safe-compare": {
      "version": "1.1.4",
      "resolved": "https://registry.npmjs.org/safe-compare/-/safe-compare-1.1.4.tgz",
      "integrity": "sha512-b9wZ986HHCo/HbKrRpBJb2kqXMK9CEWIE1egeEvZsYn69ay3kdfl9nG3RyOcR+jInTDf7a86WQ1d4VJX7goSSQ==",
      "dependencies": {
        "buffer-alloc": "^1.2.0"
      }
    },
    "node_modules/sandwich-stream": {
      "version": "2.0.2",
      "resolved": "https://registry.npmjs.org/sandwich-stream/-/sandwich-stream-2.0.2.tgz",
      "integrity": "sha512-jLYV0DORrzY3xaz/S9ydJL6Iz7essZeAfnAavsJ+zsJGZ1MOnsS52yRjU3uF3pJa/lla7+wisp//fxOwOH8SKQ==",
      "engines": {
        "node": ">= 0.10"
      }
    },
    "node_modules/telegraf": {
      "version": "4.10.0",
      "resolved": "https://registry.npmjs.org/telegraf/-/telegraf-4.10.0.tgz",
      "integrity": "sha512-dOlkC2s+f29jXEYN/R20gGQQ/2BCLmRaGkMKCnSZsLB7+7QZKxROu7PWkAB/kKj9Eedt3UpfqAv6bNhmeL9XGA==",
      "dependencies": {
        "abort-controller": "^3.0.0",
        "debug": "^4.3.3",
        "mri": "^1.2.0",
        "node-fetch": "^2.6.7",
        "p-timeout": "^4.1.0",
        "safe-compare": "^1.1.4",
        "sandwich-stream": "^2.0.2",
        "typegram": "^3.11.0"
      },
      "bin": {
        "telegraf": "lib/cli.mjs"
      },
      "engines": {
        "node": "^12.20.0 || >=14.13.1"
      }
    },
    "node_modules/typegram": {
      "version": "3.12.0",
      "resolved": "https://registry.npmjs.org/typegram/-/typegram-3.12.0.tgz",
      "integrity": "sha512-/VrU0sJv8BdOsBIpYT4w35C7dPg5YyKP6fLiYN9qYXRZ86TVIiw0ZypkzElTAfDVsJtJSluGAufUrcX7VRSIYQ=="
    },
    "node_modules/url-parse": {
      "version": "1.5.10",
      "resolved": "https://registry.npmjs.org/url-parse/-/url-parse-1.5.10.tgz",
      "integrity": "sha512-WypcfiRhfeUP9vvF0j6rw0J3hrWrw6iZv3+22h6iRMJ/8z1Tj6XfLP4DsUix5MhMPnXpiHDoKyoZ/bdCkwBCiQ==",
      "dependencies": {
        "querystringify": "^2.1.1",
        "requires-port": "^1.0.0"
      }
    }
  },
  "dependencies": {
    "@acuminous/bitsyntax": {
      "version": "0.1.2",
      "resolved": "https://registry.npmjs.org/@acuminous/bitsyntax/-/bitsyntax-0.1.2.tgz",
      "integrity": "sha512-29lUK80d1muEQqiUsSo+3A0yP6CdspgC95EnKBMi22Xlwt79i/En4Vr67+cXhU+cZjbti3TgGGC5wy1stIywVQ==",
      "requires": {
        "buffer-more-ints": "~1.0.0",
        "debug": "^4.3.4",
        "safe-buffer": "~5.1.2"
      },
      "dependencies": {
        "safe-buffer": {
          "version": "5.1.2",
          "resolved": "https://registry.npmjs.org/safe-buffer/-/safe-buffer-5.1.2.tgz",
          "integrity": "sha512-Gd2UZBJDkXlY7GbJxfsE8/nvKkUEU1G38c1siN6QP6a9PT9MmHB8GnpscSmMJSoF8LOIrt8ud/wPtojys4G6+g=="
        }
      }
    },
    "abort-controller": {
      "version": "3.0.0",
      "resolved": "https://registry.npmjs.org/abort-controller/-/abort-controller-3.0.0.tgz",
      "integrity": "sha512-h8lQ8tacZYnR3vNQTgibj+tODHI5/+l06Au2Pcriv/Gmet0eaj4TwWH41sO9wnHDiQsEj19q0drzdWdeAHtweg==",
      "requires": {
        "event-target-shim": "^5.0.0"
      }
    },
    "amqplib": {
      "version": "0.10.3",
      "resolved": "https://registry.npmjs.org/amqplib/-/amqplib-0.10.3.tgz",
      "integrity": "sha512-UHmuSa7n8vVW/a5HGh2nFPqAEr8+cD4dEZ6u9GjP91nHfr1a54RyAKyra7Sb5NH7NBKOUlyQSMXIp0qAixKexw==",
      "requires": {
        "@acuminous/bitsyntax": "^0.1.2",
        "buffer-more-ints": "~1.0.0",
        "readable-stream": "1.x >=1.1.9",
        "url-parse": "~1.5.10"
      },
      "dependencies": {
        "isarray": {
          "version": "0.0.1",
          "resolved": "https://registry.npmjs.org/isarray/-/isarray-0.0.1.tgz",
          "integrity": "sha512-D2S+3GLxWH+uhrNEcoh/fnmYeP8E8/zHl644d/jdA0g2uyXvy3sb0qxotE+ne0LtccHknQzWwZEzhak7oJ0COQ=="
        },
        "readable-stream": {
          "version": "1.1.14",
          "resolved": "https://registry.npmjs.org/readable-stream/-/readable-stream-1.1.14.tgz",
          "integrity": "sha512-+MeVjFf4L44XUkhM1eYbD8fyEsxcV81pqMSR5gblfcLCHfZvbrqy4/qYHE+/R5HoBUT11WV5O08Cr1n3YXkWVQ==",
          "requires": {
            "core-util-is": "~1.0.0",
            "inherits": "~2.0.1",
            "isarray": "0.0.1",
            "string_decoder": "~0.10.x"
          }
        },
        "string_decoder": {
          "version": "0.10.31",
          "resolved": "https://registry.npmjs.org/string_decoder/-/string_decoder-0.10.31.tgz",
          "integrity": "sha512-ev2QzSzWPYmy9GuqfIVildA4OdcGLeFZQrq5ys6RtiuF+RQQiZWr8TZNyAcuVXyQRYfEO+MsoB/1BuQVhOJuoQ=="
        }
      }
    },
    "auto-bind": {
      "version": "4.0.0",
      "resolved": "https://registry.npmjs.org/auto-bind/-/auto-bind-4.0.0.tgz",
      "integrity": "sha512-Hdw8qdNiqdJ8LqT0iK0sVzkFbzg6fhnQqqfWhBDxcHZvU75+B+ayzTy8x+k5Ix0Y92XOhOUlx74ps+bA6BeYMQ=="
    },
    "buffer-alloc": {
      "version": "1.2.0",
      "resolved": "https://registry.npmjs.org/buffer-alloc/-/buffer-alloc-1.2.0.tgz",
      "integrity": "sha512-CFsHQgjtW1UChdXgbyJGtnm+O/uLQeZdtbDo8mfUgYXCHSM1wgrVxXm6bSyrUuErEb+4sYVGCzASBRot7zyrow==",
      "requires": {
        "buffer-alloc-unsafe": "^1.1.0",
        "buffer-fill": "^1.0.0"
      }
    },
    "buffer-alloc-unsafe": {
      "version": "1.1.0",
      "resolved": "https://registry.npmjs.org/buffer-alloc-unsafe/-/buffer-alloc-unsafe-1.1.0.tgz",
      "integrity": "sha512-TEM2iMIEQdJ2yjPJoSIsldnleVaAk1oW3DBVUykyOLsEsFmEc9kn+SFFPz+gl54KQNxlDnAwCXosOS9Okx2xAg=="
    },
    "buffer-fill": {
      "version": "1.0.0",
      "resolved": "https://registry.npmjs.org/buffer-fill/-/buffer-fill-1.0.0.tgz",
      "integrity": "sha1-+PeLdniYiO858gXNY39o5wISKyw="
    },
    "buffer-more-ints": {
      "version": "1.0.0",
      "resolved": "https://registry.npmjs.org/buffer-more-ints/-/buffer-more-ints-1.0.0.tgz",
      "integrity": "sha512-EMetuGFz5SLsT0QTnXzINh4Ksr+oo4i+UGTXEshiGCQWnsgSs7ZhJ8fzlwQ+OzEMs0MpDAMr1hxnblp5a4vcHg=="
    },
    "core-util-is": {
      "version": "1.0.2",
      "resolved": "https://registry.npmjs.org/core-util-is/-/core-util-is-1.0.2.tgz",
      "integrity": "sha1-tf1UIgqivFq1eqtxQMlAdUUDwac="
    },
    "debug": {
      "version": "4.3.4",
      "resolved": "https://registry.npmjs.org/debug/-/debug-4.3.4.tgz",
      "integrity": "sha512-PRWFHuSU3eDtQJPvnNY7Jcket1j0t5OuOsFzPPzsekD52Zl8qUfFIPEiswXqIvHWGVHOgX+7G/vCNNhehwxfkQ==",
      "requires": {
        "ms": "2.1.2"
      }
    },
    "dotenv": {
      "version": "16.0.3",
      "resolved": "https://registry.npmjs.org/dotenv/-/dotenv-16.0.3.tgz",
      "integrity": "sha512-7GO6HghkA5fYG9TYnNxi14/7K9f5occMlp3zXAuSxn7CKCxt9xbNWG7yF8hTCSUchlfWSe3uLmlPfigevRItzQ=="
    },
    "event-target-shim": {
      "version": "5.0.1",
      "resolved": "https://registry.npmjs.org/event-target-shim/-/event-target-shim-5.0.1.tgz",
      "integrity": "sha512-i/2XbnSz/uxRCU6+NdVJgKWDTM427+MqYbkQzD321DuCQJUqOuJKIA0IM2+W2xtYHdKOmZ4dR6fExsd4SXL+WQ=="
    },
    "inherits": {
      "version": "2.0.4",
      "resolved": "https://registry.npmjs.org/inherits/-/inherits-2.0.4.tgz",
      "integrity": "sha512-k/vGaX4/Yla3WzyMCvTQOXYeIHvqOKtnqBduzTHpzpQZzAskKMhZ2K+EnBiSM9zGSoIFeMpXKxa4dYeZIQqewQ=="
    },
    "mri": {
      "version": "1.2.0",
      "resolved": "https://registry.npmjs.org/mri/-/mri-1.2.0.tgz",
      "integrity": "sha512-tzzskb3bG8LvYGFF/mDTpq3jpI6Q9wc3LEmBaghu+DdCssd1FakN7Bc0hVNmEyGq1bq3RgfkCb3cmQLpNPOroA=="
    },
    "ms": {
      "version": "2.1.2",
      "resolved": "https://registry.npmjs.org/ms/-/ms-2.1.2.tgz",
      "integrity": "sha512-sGkPx+VjMtmA6MX27oA4FBFELFCZZ4S4XqeGOXCv68tT+jb3vk/RyaKWP0PTKyWtmLSM0b+adUTEvbs1PEaH2w=="
    },
    "node-fetch": {
      "version": "2.6.7",
      "resolved": "https://registry.npmjs.org/node-fetch/-/node-fetch-2.6.7.tgz",
      "integrity": "sha512-ZjMPFEfVx5j+y2yF35Kzx5sF7kDzxuDj6ziH4FFbOp87zKDZNx8yExJIb05OGF4Nlt9IHFIMBkRl41VdvcNdbQ==",
      "requires": {
        "whatwg-url": "^5.0.0"
      },
      "dependencies": {
        "tr46": {
          "version": "0.0.3",
          "resolved": "https://registry.npmjs.org/tr46/-/tr46-0.0.3.tgz",
          "integrity": "sha512-N3WMsuqV66lT30CrXNbEjx4GEwlow3v6rr4mCcv6prnfwhS01rkgyFdjPNBYd9br7LpXV1+Emh01fHnq2Gdgrw=="
        },
        "webidl-conversions": {
          "version": "3.0.1",
          "resolved": "https://registry.npmjs.org/webidl-conversions/-/webidl-conversions-3.0.1.tgz",
          "integrity": "sha512-2JAn3z8AR6rjK8Sm8orRC0h/bcl/DqL7tRPdGZ4I1CjdF+EaMLmYxBHyXuKL849eucPFhvBoxMsflfOb8kxaeQ=="
        },
        "whatwg-url": {
          "version": "5.0.0",
          "resolved": "https://registry.npmjs.org/whatwg-url/-/whatwg-url-5.0.0.tgz",
          "integrity": "sha512-saE57nupxk6v3HY35+jzBwYa0rKSy0XR8JSxZPwgLr7ys0IBzhGviA1/TUGJLmSVqs8pb9AnvICXEuOHLprYTw==",
          "requires": {
            "tr46": "~0.0.3",
            "webidl-conversions": "^3.0.0"
          }
        }
      }
    },
    "p-timeout": {
      "version": "4.1.0",
      "resolved": "https://registry.npmjs.org/p-timeout/-/p-timeout-4.1.0.tgz",
      "integrity": "sha512-+/wmHtzJuWii1sXn3HCuH/FTwGhrp4tmJTxSKJbfS+vkipci6osxXM5mY0jUiRzWKMTgUT8l7HFbeSwZAynqHw=="
    },
    "querystringify": {
      "version": "2.2.0",
      "resolved": "https://registry.npmjs.org/querystringify/-/querystringify-2.2.0.tgz",
      "integrity": "sha512-FIqgj2EUvTa7R50u0rGsyTftzjYmv/a3hO345bZNrqabNqjtgiDMgmo4mkUjd+nzU5oF3dClKqFIPUKybUyqoQ=="
    },
    "requires-port": {
      "version": "1.0.0",
      "resolved": "https://registry.npmjs.org/requires-port/-/requires-port-1.0.0.tgz",
      "integrity": "sha512-KigOCHcocU3XODJxsu8i/j8T9tzT4adHiecwORRQ0ZZFcp7ahwXuRU1m+yuO90C5ZUyGeGfocHDI14M3L3yDAQ=="
    },
    "safe-compare": {
      "version": "1.1.4",
      "resolved": "https://registry.npmjs.org/safe-compare/-/safe-compare-1.1.4.tgz",
      "integrity": "sha512-b9wZ986HHCo/HbKrRpBJb2kqXMK9CEWIE1egeEvZsYn69ay3kdfl9nG3RyOcR+jInTDf7a86WQ1d4VJX7goSSQ==",
      "requires": {
        "buffer-alloc": "^1.2.0"
      }
    },
    "sandwich-stream": {
      "version": "2.0.2",
      "resolved": "https://registry.npmjs.org/sandwich-stream/-/sandwich-stream-2.0.2.tgz",
      "integrity": "sha512-jLYV0DORrzY3xaz/S9ydJL6Iz7essZeAfnAavsJ+zsJGZ1MOnsS52yRjU3uF3pJa/lla7+wisp//fxOwOH8SKQ=="
    },
    "telegraf": {
      "version": "4.10.0",
      "resolved": "https://registry.npmjs.org/telegraf/-/telegraf-4.10.0.tgz",
      "integrity": "sha512-dOlkC2s+f29jXEYN/R20gGQQ/2BCLmRaGkMKCnSZsLB7+7QZKxROu7PWkAB/kKj9Eedt3UpfqAv6bNhmeL9XGA==",
      "requires": {
        "abort-controller": "^3.0.0",
        "debug": "^4.3.3",
        "mri": "^1.2.0",
        "node-fetch": "^2.6.7",
        "p-timeout": "^4.1.0",
        "safe-compare": "^1.1.4",
        "sandwich-stream": "^2.0.2",
        "typegram": "^3.11.0"
      }
    },
    "typegram": {
      "version": "3.12.0",
      "resolved": "https://registry.npmjs.org/typegram/-/typegram-3.12.0.tgz",
      "integrity": "sha512-/VrU0sJv8BdOsBIpYT4w35C7dPg5YyKP6fLiYN9qYXRZ86TVIiw0ZypkzElTAfDVsJtJSluGAufUrcX7VRSIYQ=="
    },
    "url-parse": {
      "version": "1.5.10",
      "resolved": "https://registry.npmjs.org/url-parse/-/url-parse-1.5.10.tgz",
      "integrity": "sha512-WypcfiRhfeUP9vvF0j6rw0J3hrWrw6iZv3+22h6iRMJ/8z1Tj6XfLP4DsUix5MhMPnXpiHDoKyoZ/bdCkwBCiQ==",
      "requires": {
        "querystringify": "^2.1.1",
        "requires-port": "^1.0.0"
      }
    }
  }
}
